// !$*UTF8*$!
{
	archiveVersion = 1;
	classes = {
	};
	objectVersion = 56;
	objects = {

/* Begin PBXBuildFile section */
		F258FAD22952E16F00237B91 /* paulApp.swift in Sources */ = {isa = PBXBuildFile; fileRef = F258FAD12952E16F00237B91 /* paulApp.swift */; };
		F258FAD62952E17000237B91 /* Assets.xcassets in Resources */ = {isa = PBXBuildFile; fileRef = F258FAD52952E17000237B91 /* Assets.xcassets */; };
		F258FAD92952E17000237B91 /* Preview Assets.xcassets in Resources */ = {isa = PBXBuildFile; fileRef = F258FAD82952E17000237B91 /* Preview Assets.xcassets */; };
		F2CE0D9B29553DC2000B2200 /* ObjectWrap.swift in Sources */ = {isa = PBXBuildFile; fileRef = F2CE0D9A29553DC2000B2200 /* ObjectWrap.swift */; };
		F2F47FEC2953D22F005C50CA /* Navigation.swift in Sources */ = {isa = PBXBuildFile; fileRef = F2F47FEB2953D22F005C50CA /* Navigation.swift */; };
		F2F4801029540AB0005C50CA /* DynamicList.swift in Sources */ = {isa = PBXBuildFile; fileRef = F2F4800F29540AB0005C50CA /* DynamicList.swift */; };
		F2F48014295430CD005C50CA /* OrderingApp.swift in Sources */ = {isa = PBXBuildFile; fileRef = F2F48013295430CD005C50CA /* OrderingApp.swift */; };
/* End PBXBuildFile section */

/* Begin PBXFileReference section */
		F258FACE2952E16F00237B91 /* paul.app */ = {isa = PBXFileReference; explicitFileType = wrapper.application; includeInIndex = 0; path = paul.app; sourceTree = BUILT_PRODUCTS_DIR; };
		F258FAD12952E16F00237B91 /* paulApp.swift */ = {isa = PBXFileReference; lastKnownFileType = sourcecode.swift; path = paulApp.swift; sourceTree = "<group>"; };
		F258FAD52952E17000237B91 /* Assets.xcassets */ = {isa = PBXFileReference; lastKnownFileType = folder.assetcatalog; path = Assets.xcassets; sourceTree = "<group>"; };
		F258FAD82952E17000237B91 /* Preview Assets.xcassets */ = {isa = PBXFileReference; lastKnownFileType = folder.assetcatalog; path = "Preview Assets.xcassets"; sourceTree = "<group>"; };
		F2CE0D9A29553DC2000B2200 /* ObjectWrap.swift */ = {isa = PBXFileReference; lastKnownFileType = sourcecode.swift; path = ObjectWrap.swift; sourceTree = "<group>"; };
		F2F47FEB2953D22F005C50CA /* Navigation.swift */ = {isa = PBXFileReference; lastKnownFileType = sourcecode.swift; path = Navigation.swift; sourceTree = "<group>"; };
		F2F4800F29540AB0005C50CA /* DynamicList.swift */ = {isa = PBXFileReference; lastKnownFileType = sourcecode.swift; path = DynamicList.swift; sourceTree = "<group>"; };
		F2F48013295430CD005C50CA /* OrderingApp.swift */ = {isa = PBXFileReference; lastKnownFileType = sourcecode.swift; path = OrderingApp.swift; sourceTree = "<group>"; };
/* End PBXFileReference section */

/* Begin PBXFrameworksBuildPhase section */
		F258FACB2952E16F00237B91 /* Frameworks */ = {
			isa = PBXFrameworksBuildPhase;
			buildActionMask = 2147483647;
			files = (
			);
			runOnlyForDeploymentPostprocessing = 0;
		};
/* End PBXFrameworksBuildPhase section */

/* Begin PBXGroup section */
		F258FAC52952E16F00237B91 = {
			isa = PBXGroup;
			children = (
				F258FAD02952E16F00237B91 /* paul */,
				F258FACF2952E16F00237B91 /* Products */,
			);
			sourceTree = "<group>";
		};
		F258FACF2952E16F00237B91 /* Products */ = {
			isa = PBXGroup;
			children = (
				F258FACE2952E16F00237B91 /* paul.app */,
			);
			name = Products;
			sourceTree = "<group>";
		};
		F258FAD02952E16F00237B91 /* paul */ = {
			isa = PBXGroup;
			children = (
				F258FAD12952E16F00237B91 /* paulApp.swift */,
				F2F4800F29540AB0005C50CA /* DynamicList.swift */,
				F2F47FEB2953D22F005C50CA /* Navigation.swift */,
				F2CE0D9A29553DC2000B2200 /* ObjectWrap.swift */,
				F2F48013295430CD005C50CA /* OrderingApp.swift */,
				F258FAD52952E17000237B91 /* Assets.xcassets */,
				F258FAD72952E17000237B91 /* Preview Content */,
			);
			path = paul;
			sourceTree = "<group>";
		};
		F258FAD72952E17000237B91 /* Preview Content */ = {
			isa = PBXGroup;
			children = (
				F258FAD82952E17000237B91 /* Preview Assets.xcassets */,
			);
			path = "Preview Content";
			sourceTree = "<group>";
		};
/* End PBXGroup section */

/* Begin PBXNativeTarget section */
		F258FACD2952E16F00237B91 /* paul */ = {
			isa = PBXNativeTarget;
			buildConfigurationList = F258FADC2952E17000237B91 /* Build configuration list for PBXNativeTarget "paul" */;
			buildPhases = (
				F258FACA2952E16F00237B91 /* Sources */,
				F258FACB2952E16F00237B91 /* Frameworks */,
				F258FACC2952E16F00237B91 /* Resources */,
			);
			buildRules = (
			);
			dependencies = (
			);
			name = paul;
			productName = paul;
			productReference = F258FACE2952E16F00237B91 /* paul.app */;
			productType = "com.apple.product-type.application";
		};
/* End PBXNativeTarget section */

/* Begin PBXProject section */
		F258FAC62952E16F00237B91 /* Project object */ = {
			isa = PBXProject;
			attributes = {
				BuildIndependentTargetsInParallel = 1;
				LastSwiftUpdateCheck = 1420;
				LastUpgradeCheck = 1420;
				TargetAttributes = {
					F258FACD2952E16F00237B91 = {
						CreatedOnToolsVersion = 14.2;
					};
				};
			};
			buildConfigurationList = F258FAC92952E16F00237B91 /* Build configuration list for PBXProject "paul" */;
			compatibilityVersion = "Xcode 14.0";
			developmentRegion = en;
			hasScannedForEncodings = 0;
			knownRegions = (
				en,
				Base,
			);
			mainGroup = F258FAC52952E16F00237B91;
			productRefGroup = F258FACF2952E16F00237B91 /* Products */;
			projectDirPath = "";
			projectRoot = "";
			targets = (
				F258FACD2952E16F00237B91 /* paul */,
			);
		};
/* End PBXProject section */

/* Begin PBXResourcesBuildPhase section */
		F258FACC2952E16F00237B91 /* Resources */ = {
			isa = PBXResourcesBuildPhase;
			buildActionMask = 2147483647;
			files = (
				F258FAD92952E17000237B91 /* Preview Assets.xcassets in Resources */,
				F258FAD62952E17000237B91 /* Assets.xcassets in Resources */,
			);
			runOnlyForDeploymentPostprocessing = 0;
		};
/* End PBXResourcesBuildPhase section */

/* Begin PBXSourcesBuildPhase section */
		F258FACA2952E16F00237B91 /* Sources */ = {
			isa = PBXSourcesBuildPhase;
			buildActionMask = 2147483647;
			files = (
				F258FAD22952E16F00237B91 /* paulApp.swift in Sources */,
				F2F48014295430CD005C50CA /* OrderingApp.swift in Sources */,
				F2CE0D9B29553DC2000B2200 /* ObjectWrap.swift in Sources */,
				F2F47FEC2953D22F005C50CA /* Navigation.swift in Sources */,
				F2F4801029540AB0005C50CA /* DynamicList.swift in Sources */,
			);
			runOnlyForDeploymentPostprocessing = 0;
		};
/* End PBXSourcesBuildPhase section */

/* Begin XCBuildConfiguration section */
		F258FADA2952E17000237B91 /* Debug */ = {
			isa = XCBuildConfiguration;
			buildSettings = {
				ALWAYS_SEARCH_USER_PATHS = NO;
				CLANG_ANALYZER_NONNULL = YES;
				CLANG_ANALYZER_NUMBER_OBJECT_CONVERSION = YES_AGGRESSIVE;
				CLANG_CXX_LANGUAGE_STANDARD = "gnu++20";
				CLANG_ENABLE_MODULES = YES;
				CLANG_ENABLE_OBJC_ARC = YES;
				CLANG_ENABLE_OBJC_WEAK = YES;
				CLANG_WARN_BLOCK_CAPTURE_AUTORELEASING = YES;
				CLANG_WARN_BOOL_CONVERSION = YES;
				CLANG_WARN_COMMA = YES;
				CLANG_WARN_CONSTANT_CONVERSION = YES;
				CLANG_WARN_DEPRECATED_OBJC_IMPLEMENTATIONS = YES;
				CLANG_WARN_DIRECT_OBJC_ISA_USAGE = YES_ERROR;
				CLANG_WARN_DOCUMENTATION_COMMENTS = YES;
				CLANG_WARN_EMPTY_BODY = YES;
				CLANG_WARN_ENUM_CONVERSION = YES;
				CLANG_WARN_INFINITE_RECURSION = YES;
				CLANG_WARN_INT_CONVERSION = YES;
				CLANG_WARN_NON_LITERAL_NULL_CONVERSION = YES;
				CLANG_WARN_OBJC_IMPLICIT_RETAIN_SELF = YES;
				CLANG_WARN_OBJC_LITERAL_CONVERSION = YES;
				CLANG_WARN_OBJC_ROOT_CLASS = YES_ERROR;
				CLANG_WARN_QUOTED_INCLUDE_IN_FRAMEWORK_HEADER = YES;
				CLANG_WARN_RANGE_LOOP_ANALYSIS = YES;
				CLANG_WARN_STRICT_PROTOTYPES = YES;
				CLANG_WARN_SUSPICIOUS_MOVE = YES;
				CLANG_WARN_UNGUARDED_AVAILABILITY = YES_AGGRESSIVE;
				CLANG_WARN_UNREACHABLE_CODE = YES;
				CLANG_WARN__DUPLICATE_METHOD_MATCH = YES;
				COPY_PHASE_STRIP = NO;
				DEBUG_INFORMATION_FORMAT = dwarf;
				ENABLE_STRICT_OBJC_MSGSEND = YES;
				ENABLE_TESTABILITY = YES;
				GCC_C_LANGUAGE_STANDARD = gnu11;
				GCC_DYNAMIC_NO_PIC = NO;
				GCC_NO_COMMON_BLOCKS = YES;
				GCC_OPTIMIZATION_LEVEL = 0;
				GCC_PREPROCESSOR_DEFINITIONS = (
					"DEBUG=1",
					"$(inherited)",
				);
				GCC_WARN_64_TO_32_BIT_CONVERSION = YES;
				GCC_WARN_ABOUT_RETURN_TYPE = YES_ERROR;
				GCC_WARN_UNDECLARED_SELECTOR = YES;
				GCC_WARN_UNINITIALIZED_AUTOS = YES_AGGRESSIVE;
				GCC_WARN_UNUSED_FUNCTION = YES;
				GCC_WARN_UNUSED_VARIABLE = YES;
				IPHONEOS_DEPLOYMENT_TARGET = 16.2;
				MTL_ENABLE_DEBUG_INFO = INCLUDE_SOURCE;
				MTL_FAST_MATH = YES;
				ONLY_ACTIVE_ARCH = YES;
				SDKROOT = iphoneos;
				SWIFT_ACTIVE_COMPILATION_CONDITIONS = DEBUG;
				SWIFT_OPTIMIZATION_LEVEL = "-Onone";
			};
			name = Debug;
		};
		F258FADB2952E17000237B91 /* Release */ = {
			isa = XCBuildConfiguration;
			buildSettings = {
				ALWAYS_SEARCH_USER_PATHS = NO;
				CLANG_ANALYZER_NONNULL = YES;
				CLANG_ANALYZER_NUMBER_OBJECT_CONVERSION = YES_AGGRESSIVE;
				CLANG_CXX_LANGUAGE_STANDARD = "gnu++20";
				CLANG_ENABLE_MODULES = YES;
				CLANG_ENABLE_OBJC_ARC = YES;
				CLANG_ENABLE_OBJC_WEAK = YES;
				CLANG_WARN_BLOCK_CAPTURE_AUTORELEASING = YES;
				CLANG_WARN_BOOL_CONVERSION = YES;
				CLANG_WARN_COMMA = YES;
				CLANG_WARN_CONSTANT_CONVERSION = YES;
				CLANG_WARN_DEPRECATED_OBJC_IMPLEMENTATIONS = YES;
				CLANG_WARN_DIRECT_OBJC_ISA_USAGE = YES_ERROR;
				CLANG_WARN_DOCUMENTATION_COMMENTS = YES;
				CLANG_WARN_EMPTY_BODY = YES;
				CLANG_WARN_ENUM_CONVERSION = YES;
				CLANG_WARN_INFINITE_RECURSION = YES;
				CLANG_WARN_INT_CONVERSION = YES;
				CLANG_WARN_NON_LITERAL_NULL_CONVERSION = YES;
				CLANG_WARN_OBJC_IMPLICIT_RETAIN_SELF = YES;
				CLANG_WARN_OBJC_LITERAL_CONVERSION = YES;
				CLANG_WARN_OBJC_ROOT_CLASS = YES_ERROR;
				CLANG_WARN_QUOTED_INCLUDE_IN_FRAMEWORK_HEADER = YES;
				CLANG_WARN_RANGE_LOOP_ANALYSIS = YES;
				CLANG_WARN_STRICT_PROTOTYPES = YES;
				CLANG_WARN_SUSPICIOUS_MOVE = YES;
				CLANG_WARN_UNGUARDED_AVAILABILITY = YES_AGGRESSIVE;
				CLANG_WARN_UNREACHABLE_CODE = YES;
				CLANG_WARN__DUPLICATE_METHOD_MATCH = YES;
				COPY_PHASE_STRIP = NO;
				DEBUG_INFORMATION_FORMAT = "dwarf-with-dsym";
				ENABLE_NS_ASSERTIONS = NO;
				ENABLE_STRICT_OBJC_MSGSEND = YES;
				GCC_C_LANGUAGE_STANDARD = gnu11;
				GCC_NO_COMMON_BLOCKS = YES;
				GCC_WARN_64_TO_32_BIT_CONVERSION = YES;
				GCC_WARN_ABOUT_RETURN_TYPE = YES_ERROR;
				GCC_WARN_UNDECLARED_SELECTOR = YES;
				GCC_WARN_UNINITIALIZED_AUTOS = YES_AGGRESSIVE;
				GCC_WARN_UNUSED_FUNCTION = YES;
				GCC_WARN_UNUSED_VARIABLE = YES;
				IPHONEOS_DEPLOYMENT_TARGET = 16.2;
				MTL_ENABLE_DEBUG_INFO = NO;
				MTL_FAST_MATH = YES;
				SDKROOT = iphoneos;
				SWIFT_COMPILATION_MODE = wholemodule;
				SWIFT_OPTIMIZATION_LEVEL = "-O";
				VALIDATE_PRODUCT = YES;
			};
			name = Release;
		};
		F258FADD2952E17000237B91 /* Debug */ = {
			isa = XCBuildConfiguration;
			buildSettings = {
				ASSETCATALOG_COMPILER_APPICON_NAME = AppIcon;
				ASSETCATALOG_COMPILER_GLOBAL_ACCENT_COLOR_NAME = AccentColor;
				CODE_SIGN_STYLE = Automatic;
				CURRENT_PROJECT_VERSION = 1;
				DEVELOPMENT_ASSET_PATHS = "\"paul/Preview Content\"";
				DEVELOPMENT_TEAM = 4J2HAY73X5;
				ENABLE_PREVIEWS = YES;
				GENERATE_INFOPLIST_FILE = YES;
				INFOPLIST_KEY_UIApplicationSceneManifest_Generation = YES;
				INFOPLIST_KEY_UIApplicationSupportsIndirectInputEvents = YES;
				INFOPLIST_KEY_UILaunchScreen_Generation = YES;
				INFOPLIST_KEY_UISupportedInterfaceOrientations_iPad = "UIInterfaceOrientationPortrait UIInterfaceOrientationPortraitUpsideDown UIInterfaceOrientationLandscapeLeft UIInterfaceOrientationLandscapeRight";
				INFOPLIST_KEY_UISupportedInterfaceOrientations_iPhone = "UIInterfaceOrientationPortrait UIInterfaceOrientationLandscapeLeft UIInterfaceOrientationLandscapeRight";
				LD_RUNPATH_SEARCH_PATHS = (
					"$(inherited)",
					"@executable_path/Frameworks",
				);
				MARKETING_VERSION = 1.0;
				PRODUCT_BUNDLE_IDENTIFIER = paul.paul;
				PRODUCT_NAME = "$(TARGET_NAME)";
				SWIFT_EMIT_LOC_STRINGS = YES;
				SWIFT_VERSION = 5.0;
				TARGETED_DEVICE_FAMILY = "1,2";
			};
			name = Debug;
		};
		F258FADE2952E17000237B91 /* Release */ = {
			isa = XCBuildConfiguration;
			buildSettings = {
				ASSETCATALOG_COMPILER_APPICON_NAME = AppIcon;
				ASSETCATALOG_COMPILER_GLOBAL_ACCENT_COLOR_NAME = AccentColor;
				CODE_SIGN_STYLE = Automatic;
				CURRENT_PROJECT_VERSION = 1;
				DEVELOPMENT_ASSET_PATHS = "\"paul/Preview Content\"";
				DEVELOPMENT_TEAM = 4J2HAY73X5;
				ENABLE_PREVIEWS = YES;
				GENERATE_INFOPLIST_FILE = YES;
				INFOPLIST_KEY_UIApplicationSceneManifest_Generation = YES;
				INFOPLIST_KEY_UIApplicationSupportsIndirectInputEvents = YES;
				INFOPLIST_KEY_UILaunchScreen_Generation = YES;
				INFOPLIST_KEY_UISupportedInterfaceOrientations_iPad = "UIInterfaceOrientationPortrait UIInterfaceOrientationPortraitUpsideDown UIInterfaceOrientationLandscapeLeft UIInterfaceOrientationLandscapeRight";
				INFOPLIST_KEY_UISupportedInterfaceOrientations_iPhone = "UIInterfaceOrientationPortrait UIInterfaceOrientationLandscapeLeft UIInterfaceOrientationLandscapeRight";
				LD_RUNPATH_SEARCH_PATHS = (
					"$(inherited)",
					"@executable_path/Frameworks",
				);
				MARKETING_VERSION = 1.0;
				PRODUCT_BUNDLE_IDENTIFIER = paul.paul;
				PRODUCT_NAME = "$(TARGET_NAME)";
				SWIFT_EMIT_LOC_STRINGS = YES;
				SWIFT_VERSION = 5.0;
				TARGETED_DEVICE_FAMILY = "1,2";
			};
			name = Release;
		};
/* End XCBuildConfiguration section */

/* Begin XCConfigurationList section */
		F258FAC92952E16F00237B91 /* Build configuration list for PBXProject "paul" */ = {
			isa = XCConfigurationList;
			buildConfigurations = (
				F258FADA2952E17000237B91 /* Debug */,
				F258FADB2952E17000237B91 /* Release */,
			);
			defaultConfigurationIsVisible = 0;
			defaultConfigurationName = Release;
		};
		F258FADC2952E17000237B91 /* Build configuration list for PBXNativeTarget "paul" */ = {
			isa = XCConfigurationList;
			buildConfigurations = (
				F258FADD2952E17000237B91 /* Debug */,
				F258FADE2952E17000237B91 /* Release */,
			);
			defaultConfigurationIsVisible = 0;
			defaultConfigurationName = Release;
		};
/* End XCConfigurationList section */
	};
	rootObject = F258FAC62952E16F00237B91 /* Project object */;
}
